
Microsoft Visual Studio Solution File, Format Version 12.00
# Visual Studio Version 17
VisualStudioVersion = 17.1.32407.343
MinimumVisualStudioVersion = 10.0.40219.1
Project("{FAE04EC0-301F-11D3-BF4B-00C04F79EFBC}") = "ITMO.Lab4.2022", "ITMO.Lab4.2022\ITMO.Lab4.2022.csproj", "{82A86A00-7539-4081-A116-19BA349C068B}"
EndProject
Global
	GlobalSection(SolutionConfigurationPlatforms) = preSolution
		Debug|Any CPU = Debug|Any CPU
		Release|Any CPU = Release|Any CPU
	EndGlobalSection
	GlobalSection(ProjectConfigurationPlatforms) = postSolution
		{82A86A00-7539-4081-A116-19BA349C068B}.Debug|Any CPU.ActiveCfg = Debug|Any CPU
		{82A86A00-7539-4081-A116-19BA349C068B}.Debug|Any CPU.Build.0 = Debug|Any CPU
		{82A86A00-7539-4081-A116-19BA349C068B}.Release|Any CPU.ActiveCfg = Release|Any CPU
		{82A86A00-7539-4081-A116-19BA349C068B}.Release|Any CPU.Build.0 = Release|Any CPU
	EndGlobalSection
	GlobalSection(SolutionProperties) = preSolution
		HideSolutionNode = FALSE
	EndGlobalSection
	GlobalSection(ExtensibilityGlobals) = postSolution
		SolutionGuid = {6C603044-C2A8-4019-B15E-2D0BA8E5ED92}
	EndGlobalSection
EndGlobal
