
Microsoft Visual Studio Solution File, Format Version 12.00
Project("{FAE04EC0-301F-11D3-BF4B-00C04F79EFBC}") = "Lab10", "Lab10.csproj", "{83A3F500-2057-410F-BDEA-AAC6B1119BCF}"
EndProject
Global
	GlobalSection(SolutionConfigurationPlatforms) = preSolution
		Debug|Any CPU = Debug|Any CPU
		Release|Any CPU = Release|Any CPU
	EndGlobalSection
	GlobalSection(ProjectConfigurationPlatforms) = postSolution
		{83A3F500-2057-410F-BDEA-AAC6B1119BCF}.Debug|Any CPU.ActiveCfg = Debug|Any CPU
		{83A3F500-2057-410F-BDEA-AAC6B1119BCF}.Debug|Any CPU.Build.0 = Debug|Any CPU
		{83A3F500-2057-410F-BDEA-AAC6B1119BCF}.Release|Any CPU.ActiveCfg = Release|Any CPU
		{83A3F500-2057-410F-BDEA-AAC6B1119BCF}.Release|Any CPU.Build.0 = Release|Any CPU
	EndGlobalSection
EndGlobal
