
Microsoft Visual Studio Solution File, Format Version 12.00
# Visual Studio Version 17
VisualStudioVersion = 17.1.32407.343
MinimumVisualStudioVersion = 10.0.40219.1
Project("{FAE04EC0-301F-11D3-BF4B-00C04F79EFBC}") = "ITMO.lab4.Ex1.2022", "ITMO.lab4.Ex1.2022\ITMO.lab4.Ex1.2022.csproj", "{EDEF5DE1-65FD-43CA-AF6C-9CBAD7812B1D}"
EndProject
Global
	GlobalSection(SolutionConfigurationPlatforms) = preSolution
		Debug|Any CPU = Debug|Any CPU
		Release|Any CPU = Release|Any CPU
	EndGlobalSection
	GlobalSection(ProjectConfigurationPlatforms) = postSolution
		{EDEF5DE1-65FD-43CA-AF6C-9CBAD7812B1D}.Debug|Any CPU.ActiveCfg = Debug|Any CPU
		{EDEF5DE1-65FD-43CA-AF6C-9CBAD7812B1D}.Debug|Any CPU.Build.0 = Debug|Any CPU
		{EDEF5DE1-65FD-43CA-AF6C-9CBAD7812B1D}.Release|Any CPU.ActiveCfg = Release|Any CPU
		{EDEF5DE1-65FD-43CA-AF6C-9CBAD7812B1D}.Release|Any CPU.Build.0 = Release|Any CPU
	EndGlobalSection
	GlobalSection(SolutionProperties) = preSolution
		HideSolutionNode = FALSE
	EndGlobalSection
	GlobalSection(ExtensibilityGlobals) = postSolution
		SolutionGuid = {1B0A1A25-C609-4FD1-A4A8-A70E2CF74318}
	EndGlobalSection
EndGlobal
